{
  "version": 1,
  "dependencies": {
    "net10.0": {
      "coverlet.collector": {
        "type": "Direct",
        "requested": "[10.0.1, )",
        "resolved": "10.0.1",
        "contentHash": "27jXSV/0DbVqF5jDrAxuQFZ9oaz6gmG03p8ttxAFk+X0M4woFYj7MoWDLCna5EGLb0CE6OE7X6ZH3Wt5smTtaA=="
      },
      "FluentAssertions": {
        "type": "Direct",
        "requested": "[8.10.0, )",
        "resolved": "8.10.0",
        "contentHash": "yGvv+xp0gHFgGwhQcGoDdKIrhLhPi3zYYWWLLHPMctr+G6PWD7QH8L4wqoa5WRZquPbfSV/cP1MraI7ppAHrWw=="
      },
      "Microsoft.AspNetCore.Mvc.Testing": {
        "type": "Direct",
        "requested": "[10.0.10, )",
        "resolved": "10.0.10",
        "contentHash": "pTWE4RtRbb9sl/U9QjZA5oapEZ01ZEMfRilZvvh55ZW97caTQ2XuAF6sgc+7ojKWBbR2qrcWVo5P80gMPuW/tQ==",
        "dependencies": {
          "Microsoft.AspNetCore.TestHost": "10.0.10",
          "Microsoft.Extensions.DependencyModel": "10.0.10",
          "Microsoft.Extensions.Hosting": "10.0.10"
        }
      },
      "Microsoft.NET.Test.Sdk": {
        "type": "Direct",
        "requested": "[18.7.0, )",
        "resolved": "18.7.0",
        "contentHash": "49xH9j4UzCh2hMohJp53g3wUTvyycECw7CtVht4gfCz5ykudB1uBcF6D0TtgJPjCtP76UPW53bQElKdCeX+dUg==",
        "dependencies": {
          "Microsoft.CodeCoverage": "18.7.0",
          "Microsoft.TestPlatform.TestHost": "18.7.0"
        }
      },
      "Moq": {
        "type": "Direct",
        "requested": "[4.20.72, )",
        "resolved": "4.20.72",
        "contentHash": "EA55cjyNn8eTNWrgrdZJH5QLFp2L43oxl1tlkoYUKIE9pRwL784OWiTXeCV5ApS+AMYEAlt7Fo03A2XfouvHmQ==",
        "dependencies": {
          "Castle.Core": "5.1.1"
        }
      },
      "xunit": {
        "type": "Direct",
        "requested": "[2.9.3, )",
        "resolved": "2.9.3",
        "contentHash": "TlXQBinK35LpOPKHAqbLY4xlEen9TBafjs0V5KnA4wZsoQLQJiirCR4CbIXvOH8NzkW4YeJKP5P/Bnrodm0h9Q==",
        "dependencies": {
          "xunit.analyzers": "1.18.0",
          "xunit.assert": "2.9.3",
          "xunit.core": "[2.9.3]"
        }
      },
      "xunit.runner.visualstudio": {
        "type": "Direct",
        "requested": "[3.1.5, )",
        "resolved": "3.1.5",
        "contentHash": "tKi7dSTwP4m5m9eXPM2Ime4Kn7xNf4x4zT9sdLO/G4hZVnQCRiMTWoSZqI/pYTVeI27oPPqHBKYI/DjJ9GsYgA=="
      },
      "AutoMapper": {
        "type": "Transitive",
        "resolved": "16.2.0",
        "contentHash": "PE8HgPc5BZJnAFwjvDTE72gWL6YrYib+V7+vxtLXDYz0CH/fFgbVcwLUC9UHk5ALwspZ6Vbmoo6PHvseIk/0ZA==",
        "dependencies": {
          "Microsoft.Extensions.Logging.Abstractions": "10.0.0",
          "Microsoft.Extensions.Options": "10.0.0",
          "Microsoft.IdentityModel.JsonWebTokens": "8.14.0"
        }
      },
      "Castle.Core": {
        "type": "Transitive",
        "resolved": "5.1.1",
        "contentHash": "rpYtIczkzGpf+EkZgDr9CClTdemhsrwA/W5hMoPjLkRFnXzH44zDLoovXeKtmxb1ykXK9aJVODSpiJml8CTw2g==",
        "dependencies": {
          "System.Diagnostics.EventLog": "6.0.0"
        }
      },
      "FluentValidation": {
        "type": "Transitive",
        "resolved": "12.1.1",
        "contentHash": "EPpkIe1yh1a0OXyC100oOA8WMbZvqUu5plwhvYcb7oSELfyUZzfxV48BLhvs3kKo4NwG7MGLNgy1RJiYtT8Dpw=="
      },
      "FluentValidation.DependencyInjectionExtensions": {
        "type": "Transitive",
        "resolved": "12.1.1",
        "contentHash": "D0VXh4dtjjX2aQizuaa0g6R8X3U1JaVqJPfGCvLwZX9t/O2h7tkpbitbadQMfwcgSPdDbI2vDxuwRMv/Uf9dHA==",
        "dependencies": {
          "FluentValidation": "12.1.1",
          "Microsoft.Extensions.DependencyInjection.Abstractions": "2.1.0"
        }
      },
      "Microsoft.AspNetCore.OpenApi": {
        "type": "Transitive",
        "resolved": "10.0.9",
        "contentHash": "1ihb8FO9cGgEK1/m3CTtT/SfnynwmiZib0W2pcDVj3KSWk/Sca4VOXEtaptKQc582zpFrzTFiwkGRCglt6H+WQ==",
        "dependencies": {
          "Microsoft.OpenApi": "2.0.0"
        }
      },
      "Microsoft.AspNetCore.TestHost": {
        "type": "Transitive",
        "resolved": "10.0.10",
        "contentHash": "Kks+OpQlP/eWQhnTjkiv0H9kc9Uqa7ieAzNV62yJpZ8Ips/WwpfpwrwZUKzV83CBJaBl5OI7J2XxVVTC8vah/Q=="
      },
      "Microsoft.CodeCoverage": {
        "type": "Transitive",
        "resolved": "18.7.0",
        "contentHash": "+wFfx9s7D9wegM0RziXMj2kvYDT4qcqXXtyjiQwSZOGQ2wwcOAJQcD6eQXk02jt0MvRNawtp8TJxTrV+wD8X1g=="
      },
      "Microsoft.Data.Sqlite.Core": {
        "type": "Transitive",
        "resolved": "10.0.9",
        "contentHash": "iZrONyMKPjxfVZnUktqO30QjzNwAGH+AxM61s8lKQnVhgbQ3bn0hiXI129ZmVicEbIcwljyy2OVsIYUR51ZHKQ==",
        "dependencies": {
          "SQLitePCLRaw.core": "2.1.11"
        }
      },
      "Microsoft.EntityFrameworkCore": {
        "type": "Transitive",
        "resolved": "10.0.9",
        "contentHash": "tu85SRzOT021V7EQlViCiAE7TqldVn469Y6lt5TEn/+XC4/MeNCHgMRSxqYuWqvF4zAQZUhCmtNEZuM3ss4LeA==",
        "dependencies": {
          "Microsoft.EntityFrameworkCore.Abstractions": "10.0.9",
          "Microsoft.EntityFrameworkCore.Analyzers": "10.0.9",
          "Microsoft.Extensions.Caching.Memory": "10.0.9",
          "Microsoft.Extensions.Logging": "10.0.9"
        }
      },
      "Microsoft.EntityFrameworkCore.Abstractions": {
        "type": "Transitive",
        "resolved": "10.0.9",
        "contentHash": "GRMaiPkqYna/gCsyDffYDWmefGPC3hDrdMw+2rrGcQwhs6uZOsaMQXMJnoXQ35tx9SkBV2ieRRU9N/jLOO6BZw=="
      },
      "Microsoft.EntityFrameworkCore.Analyzers": {
        "type": "Transitive",
        "resolved": "10.0.9",
        "contentHash": "aiEFB+C5EsZGqxvMPazE07hbWsp4iPaufJpanGt5O+lrwv7mJLrqma5haVIgFAPCyhQkmk75XSCEubT1zUjxtA=="
      },
      "Microsoft.EntityFrameworkCore.Relational": {
        "type": "Transitive",
        "resolved": "10.0.9",
        "contentHash": "dEoyYKgiaZHHgOFm1WMWm1sFEsEuhPWufX4L9PekKtqd/RaIcPjkCjvbrVvJtApErb5wPSJhYvnTlxhH+p9h2g==",
        "dependencies": {
          "Microsoft.EntityFrameworkCore": "10.0.9",
          "Microsoft.Extensions.Caching.Memory": "10.0.9",
          "Microsoft.Extensions.Configuration.Abstractions": "10.0.9",
          "Microsoft.Extensions.Logging": "10.0.9"
        }
      },
      "Microsoft.EntityFrameworkCore.Sqlite": {
        "type": "Transitive",
        "resolved": "10.0.9",
        "contentHash": "HH9/nnRF/YmRrc3hUlgXjMBYKH5kFmd5UWC81l9U0ySQhwHTcgvDPSewB8DyQHzFJzNGgG7VFK6ynC6+XQz9WA==",
        "dependencies": {
          "Microsoft.EntityFrameworkCore.Sqlite.Core": "10.0.9",
          "Microsoft.Extensions.Caching.Memory": "10.0.9",
          "Microsoft.Extensions.Configuration.Abstractions": "10.0.9",
          "Microsoft.Extensions.DependencyModel": "10.0.9",
          "Microsoft.Extensions.Logging": "10.0.9",
          "SQLitePCLRaw.bundle_e_sqlite3": "2.1.11",
          "SQLitePCLRaw.core": "2.1.11"
        }
      },
      "Microsoft.EntityFrameworkCore.Sqlite.Core": {
        "type": "Transitive",
        "resolved": "10.0.9",
        "contentHash": "3bPEmACAaPJJSw+m5XwTSi3yZnVtaifa4d8gLsNMzW0Qu28jS5kADSfgJRBlq49RJ1K098VCzEDRJwM8gE6f2w==",
        "dependencies": {
          "Microsoft.Data.Sqlite.Core": "10.0.9",
          "Microsoft.EntityFrameworkCore.Relational": "10.0.9",
          "Microsoft.Extensions.Caching.Memory": "10.0.9",
          "Microsoft.Extensions.Configuration.Abstractions": "10.0.9",
          "Microsoft.Extensions.DependencyModel": "10.0.9",
          "Microsoft.Extensions.Logging": "10.0.9",
          "SQLitePCLRaw.core": "2.1.11"
        }
      },
      "Microsoft.Extensions.ApiDescription.Server": {
        "type": "Transitive",
        "resolved": "10.0.0",
        "contentHash": "NCWCGiwRwje8773yzPQhvucYnnfeR+ZoB1VRIrIMp4uaeUNw7jvEPHij3HIbwCDuNCrNcphA00KSAR9yD9qmbg=="
      },
      "Microsoft.Extensions.Caching.Abstractions": {
        "type": "Transitive",
        "resolved": "10.0.9",
        "contentHash": "5fGxcw2vuYp8s0wio9H1ECiuk4iKSdTIlNuigdLIrkhg+5XAwgFVDB/5Ots3pfN/QhABLYXutA79JFtnUKDSHA==",
        "dependencies": {
          "Microsoft.Extensions.Primitives": "10.0.9"
        }
      },
      "Microsoft.Extensions.Caching.Memory": {
        "type": "Transitive",
        "resolved": "10.0.9",
        "contentHash": "G9mregdatGWMCQWeCw012LDeJVP7G/XIxH8Ddbjc8bD1//dA+8VVQdcRE9jI1moyoJxSSZhHITUnNQ8FUDl5+Q==",
        "dependencies": {
          "Microsoft.Extensions.Caching.Abstractions": "10.0.9",
          "Microsoft.Extensions.DependencyInjection.Abstractions": "10.0.9",
          "Microsoft.Extensions.Logging.Abstractions": "10.0.9",
          "Microsoft.Extensions.Options": "10.0.9",
          "Microsoft.Extensions.Primitives": "10.0.9"
        }
      },
      "Microsoft.Extensions.Configuration": {
        "type": "Transitive",
        "resolved": "10.0.10",
        "contentHash": "plJWK2zpWuuyxI8F8s2scx6Je7N1Ajjs6HvYUGKwRnDMWIVIz9FHwAkiT7ASgrvAOd10T0FPVlh9BzAJJME+jg==",
        "dependencies": {
          "Microsoft.Extensions.Configuration.Abstractions": "10.0.10",
          "Microsoft.Extensions.Primitives": "10.0.10"
        }
      },
      "Microsoft.Extensions.Configuration.Abstractions": {
        "type": "Transitive",
        "resolved": "10.0.10",
        "contentHash": "5Vnd2I75DmZCVEjSynIdJ/0EGafgnLQwgR3t2C2/fkjx/nRG+cLwxLLdInoHeCEpkD5K4Ov/g9ZCRYrl4TRsaA==",
        "dependencies": {
          "Microsoft.Extensions.Primitives": "10.0.10"
        }
      },
      "Microsoft.Extensions.Configuration.Binder": {
        "type": "Transitive",
        "resolved": "10.0.10",
        "contentHash": "GqmN2o1CkJvk7uWp+p4CwBYW0w/zfoEbvsiFDbO2G8l1Uz+mrDAbAcZiXhU2lufKPby1cjAUdd5GTWpebYOkOA==",
        "dependencies": {
          "Microsoft.Extensions.Configuration": "10.0.10",
          "Microsoft.Extensions.Configuration.Abstractions": "10.0.10"
        }
      },
      "Microsoft.Extensions.Configuration.CommandLine": {
        "type": "Transitive",
        "resolved": "10.0.10",
        "contentHash": "33cBeR2HRbzHUTtmcmLdNOApneNGcymwwL4arHuotgVK9Frba8kcDTrvVTj7cSCmF1R9OiSbZH0KxNOwab3HUg==",
        "dependencies": {
          "Microsoft.Extensions.Configuration": "10.0.10",
          "Microsoft.Extensions.Configuration.Abstractions": "10.0.10"
        }
      },
      "Microsoft.Extensions.Configuration.EnvironmentVariables": {
        "type": "Transitive",
        "resolved": "10.0.10",
        "contentHash": "KRfFSSCV58vEdU7mPED/YMzeovIWF5P0g8s9K8n9HEfy0/WzMq37SrPdXdFN5/dFT/rPMHpF7AvpoXHckbcBFg==",
        "dependencies": {
          "Microsoft.Extensions.Configuration": "10.0.10",
          "Microsoft.Extensions.Configuration.Abstractions": "10.0.10"
        }
      },
      "Microsoft.Extensions.Configuration.FileExtensions": {
        "type": "Transitive",
        "resolved": "10.0.10",
        "contentHash": "ZOhZYwvbXGTgGVRwswIirofEMVHuWdxjdh0JeUZXwaF9cgcjXdz/t0ELtgaevw7ezTyv47yPNCgGreWtLkn3IQ==",
        "dependencies": {
          "Microsoft.Extensions.Configuration": "10.0.10",
          "Microsoft.Extensions.Configuration.Abstractions": "10.0.10",
          "Microsoft.Extensions.FileProviders.Abstractions": "10.0.10",
          "Microsoft.Extensions.FileProviders.Physical": "10.0.10",
          "Microsoft.Extensions.Primitives": "10.0.10"
        }
      },
      "Microsoft.Extensions.Configuration.Json": {
        "type": "Transitive",
        "resolved": "10.0.10",
        "contentHash": "uvJ6sHwjgrkMEJOgiC76G0mcZGXerwyyWkwX34EOjCbxKG6TCtfAoqDKAMsCvEBf9HxjlGQEgqsSMOGCmGBf+A==",
        "dependencies": {
          "Microsoft.Extensions.Configuration": "10.0.10",
          "Microsoft.Extensions.Configuration.Abstractions": "10.0.10",
          "Microsoft.Extensions.Configuration.FileExtensions": "10.0.10",
          "Microsoft.Extensions.FileProviders.Abstractions": "10.0.10"
        }
      },
      "Microsoft.Extensions.Configuration.UserSecrets": {
        "type": "Transitive",
        "resolved": "10.0.10",
        "contentHash": "1s1sKFTk/Foam64JY6+m/diH8drL3Wx6V3gtSd5v1IEZtszZYyc1pW8uRnMblzpNiR0l0t8gGk7tXj3xHzFgdg==",
        "dependencies": {
          "Microsoft.Extensions.Configuration.Abstractions": "10.0.10",
          "Microsoft.Extensions.Configuration.Json": "10.0.10",
          "Microsoft.Extensions.FileProviders.Abstractions": "10.0.10",
          "Microsoft.Extensions.FileProviders.Physical": "10.0.10"
        }
      },
      "Microsoft.Extensions.DependencyInjection": {
        "type": "Transitive",
        "resolved": "10.0.10",
        "contentHash": "ANyvsgkNBRvcJh2XLgn8veGmajf+8m0AbKK+HPWdRL1yraSNVVSmQhFntLtdz/C795jxqqup+k05cs/3jZQPOA==",
        "dependencies": {
          "Microsoft.Extensions.DependencyInjection.Abstractions": "10.0.10"
        }
      },
      "Microsoft.Extensions.DependencyInjection.Abstractions": {
        "type": "Transitive",
        "resolved": "10.0.10",
        "contentHash": "z/2xXlFw2aLGjHyEm6E0tQ+In6VfzQzTrtArbQ2c0TQE16ZbyDCMGPvaUT9I0s8rgy9sRWlU2P9waW37qV04qA=="
      },
      "Microsoft.Extensions.DependencyModel": {
        "type": "Transitive",
        "resolved": "10.0.10",
        "contentHash": "rfZA1RjR021RPqSmIPovfz2aOd79TGqJ9BengbjnzIISOVwjLmuSDnhCMmiY/1c6iYvGolQ1iNGzkav0u11XEA=="
      },
      "Microsoft.Extensions.Diagnostics": {
        "type": "Transitive",
        "resolved": "10.0.10",
        "contentHash": "Kr/e7lUf4+N8tacbqJ2Ctwe/HarKdAc9ZkgKVVqvtJDBKbez+T/KnUwu82KSlnBp/SrpBcxc7u7xkE2oUZT/5Q==",
        "dependencies": {
          "Microsoft.Extensions.Configuration": "10.0.10",
          "Microsoft.Extensions.Diagnostics.Abstractions": "10.0.10",
          "Microsoft.Extensions.Options.ConfigurationExtensions": "10.0.10"
        }
      },
      "Microsoft.Extensions.Diagnostics.Abstractions": {
        "type": "Transitive",
        "resolved": "10.0.10",
        "contentHash": "9uWiKpeOVac355STyChWR/pliFX/5CeLqChW9kKsaxyDH4EUTZxMkT4Jwp/J/peLm0GBFmSX5c0WCse3yCnq1Q==",
        "dependencies": {
          "Microsoft.Extensions.DependencyInjection.Abstractions": "10.0.10",
          "Microsoft.Extensions.Options": "10.0.10"
        }
      },
      "Microsoft.Extensions.FileProviders.Abstractions": {
        "type": "Transitive",
        "resolved": "10.0.10",
        "contentHash": "c5zqFCY9DiIpMovLd7/d/CTiEtrMOuQ639dhv3PABtKQIKNQikSHwQt8+N679uii9q+B55lgK28Uv64FOwEu8w==",
        "dependencies": {
          "Microsoft.Extensions.Primitives": "10.0.10"
        }
      },
      "Microsoft.Extensions.FileProviders.Physical": {
        "type": "Transitive",
        "resolved": "10.0.10",
        "contentHash": "jhJAyo38kSrH3ARvWUk0h8itogVnQu2DCZuPo+s0Z+tXes0ugTxMPaHYzap85785eHQmPFqD9TYERqBbtGxn/w==",
        "dependencies": {
          "Microsoft.Extensions.FileProviders.Abstractions": "10.0.10",
          "Microsoft.Extensions.FileSystemGlobbing": "10.0.10",
          "Microsoft.Extensions.Primitives": "10.0.10"
        }
      },
      "Microsoft.Extensions.FileSystemGlobbing": {
        "type": "Transitive",
        "resolved": "10.0.10",
        "contentHash": "jSOCVxEwCd4Aq925kJVz1kSO1EpX2OHYKL04qVREXkDU7Ce3pVDdHPYm+fEy8y/th2kJf/DAstRHpJAqoNWP8w=="
      },
      "Microsoft.Extensions.Hosting": {
        "type": "Transitive",
        "resolved": "10.0.10",
        "contentHash": "tL9FkfV64GPUDSPvwrgyw42LVzsnVAnyrqJEuZVJbODgrQ3eL63zmzEcVWoCHzfgqUhWggzbgAyUCnz/zfI3Pg==",
        "dependencies": {
          "Microsoft.Extensions.Configuration": "10.0.10",
          "Microsoft.Extensions.Configuration.Abstractions": "10.0.10",
          "Microsoft.Extensions.Configuration.Binder": "10.0.10",
          "Microsoft.Extensions.Configuration.CommandLine": "10.0.10",
          "Microsoft.Extensions.Configuration.EnvironmentVariables": "10.0.10",
          "Microsoft.Extensions.Configuration.FileExtensions": "10.0.10",
          "Microsoft.Extensions.Configuration.Json": "10.0.10",
          "Microsoft.Extensions.Configuration.UserSecrets": "10.0.10",
          "Microsoft.Extensions.DependencyInjection": "10.0.10",
          "Microsoft.Extensions.DependencyInjection.Abstractions": "10.0.10",
          "Microsoft.Extensions.Diagnostics": "10.0.10",
          "Microsoft.Extensions.FileProviders.Abstractions": "10.0.10",
          "Microsoft.Extensions.FileProviders.Physical": "10.0.10",
          "Microsoft.Extensions.Hosting.Abstractions": "10.0.10",
          "Microsoft.Extensions.Logging": "10.0.10",
          "Microsoft.Extensions.Logging.Abstractions": "10.0.10",
          "Microsoft.Extensions.Logging.Configuration": "10.0.10",
          "Microsoft.Extensions.Logging.Console": "10.0.10",
          "Microsoft.Extensions.Logging.Debug": "10.0.10",
          "Microsoft.Extensions.Logging.EventLog": "10.0.10",
          "Microsoft.Extensions.Logging.EventSource": "10.0.10",
          "Microsoft.Extensions.Options": "10.0.10"
        }
      },
      "Microsoft.Extensions.Hosting.Abstractions": {
        "type": "Transitive",
        "resolved": "10.0.10",
        "contentHash": "5LugpYGHk+mkn0a8IZgcyfBca8PCTAU9RQFoMrTdtOOidq88M2SI5f3px6ugnzgxC+eTkvYYJi8pzlUnG5xdAQ==",
        "dependencies": {
          "Microsoft.Extensions.Configuration.Abstractions": "10.0.10",
          "Microsoft.Extensions.DependencyInjection.Abstractions": "10.0.10",
          "Microsoft.Extensions.Diagnostics.Abstractions": "10.0.10",
          "Microsoft.Extensions.FileProviders.Abstractions": "10.0.10",
          "Microsoft.Extensions.Logging.Abstractions": "10.0.10"
        }
      },
      "Microsoft.Extensions.Logging": {
        "type": "Transitive",
        "resolved": "10.0.10",
        "contentHash": "Tf6z5HsL0VDYRTfvsoNrTGHGheCwkTsZBA2FFh5ATJUbkAwug+FFNISJK2gjpUNemlAOoWllAK52HOWCjto3EQ==",
        "dependencies": {
          "Microsoft.Extensions.DependencyInjection": "10.0.10",
          "Microsoft.Extensions.Logging.Abstractions": "10.0.10",
          "Microsoft.Extensions.Options": "10.0.10"
        }
      },
      "Microsoft.Extensions.Logging.Abstractions": {
        "type": "Transitive",
        "resolved": "10.0.10",
        "contentHash": "zkFxGYUvdxAvIKTyXHrmW+Sux53D4SezD9dMyZ6hrwwzPQJNuwCRy1f5W7AvYTqacEGhWF2XderRQG1OvbV8og==",
        "dependencies": {
          "Microsoft.Extensions.DependencyInjection.Abstractions": "10.0.10"
        }
      },
      "Microsoft.Extensions.Logging.Configuration": {
        "type": "Transitive",
        "resolved": "10.0.10",
        "contentHash": "cLrqxkuEfcilZ8SjK+9KAnpLk9lOoMPaOokF+wRUYie+iUEcdX4/p/+gJkt0BYgWLthjpBUCkVTBI6Kxg0nsOw==",
        "dependencies": {
          "Microsoft.Extensions.Configuration": "10.0.10",
          "Microsoft.Extensions.Configuration.Abstractions": "10.0.10",
          "Microsoft.Extensions.Configuration.Binder": "10.0.10",
          "Microsoft.Extensions.DependencyInjection.Abstractions": "10.0.10",
          "Microsoft.Extensions.Logging": "10.0.10",
          "Microsoft.Extensions.Logging.Abstractions": "10.0.10",
          "Microsoft.Extensions.Options": "10.0.10",
          "Microsoft.Extensions.Options.ConfigurationExtensions": "10.0.10"
        }
      },
      "Microsoft.Extensions.Logging.Console": {
        "type": "Transitive",
        "resolved": "10.0.10",
        "contentHash": "VIlNzPwPS0GeQVSmCqqo36ugryX3LpE9ul6gEkks5VLET3weH/XMLeWmclwfoGn4Nxi2mwVibB+OZBVJ9tDqvg==",
        "dependencies": {
          "Microsoft.Extensions.DependencyInjection.Abstractions": "10.0.10",
          "Microsoft.Extensions.Logging": "10.0.10",
          "Microsoft.Extensions.Logging.Abstractions": "10.0.10",
          "Microsoft.Extensions.Logging.Configuration": "10.0.10",
          "Microsoft.Extensions.Options": "10.0.10"
        }
      },
      "Microsoft.Extensions.Logging.Debug": {
        "type": "Transitive",
        "resolved": "10.0.10",
        "contentHash": "8+TZBnV5fgBXoVNJ5ROSErUwYogk4hOgV7c2HWK1u5cqKGmiUTUn7+KqZ35iQu8e/B7Ykccyz5OTjdXcidNZ9g==",
        "dependencies": {
          "Microsoft.Extensions.DependencyInjection.Abstractions": "10.0.10",
          "Microsoft.Extensions.Logging": "10.0.10",
          "Microsoft.Extensions.Logging.Abstractions": "10.0.10"
        }
      },
      "Microsoft.Extensions.Logging.EventLog": {
        "type": "Transitive",
        "resolved": "10.0.10",
        "contentHash": "0RE4951AzQ+YD4gVrvbq0BhdsiBgSDo44yM7+QBZ2mrmMJeNjY+teCIYfUjqDPVYnKs0HR6SkkhgrX1YgXZq3Q==",
        "dependencies": {
          "Microsoft.Extensions.DependencyInjection.Abstractions": "10.0.10",
          "Microsoft.Extensions.Logging": "10.0.10",
          "Microsoft.Extensions.Logging.Abstractions": "10.0.10",
          "Microsoft.Extensions.Options": "10.0.10",
          "System.Diagnostics.EventLog": "10.0.10"
        }
      },
      "Microsoft.Extensions.Logging.EventSource": {
        "type": "Transitive",
        "resolved": "10.0.10",
        "contentHash": "85SAPwXhJtdBInzN2k7SChiFiBGh3KOWay5AfoY+GREF6P7oZA98+ST2p7Z9384iLKYjkZSKIZ/FqIO5aojtNw==",
        "dependencies": {
          "Microsoft.Extensions.DependencyInjection.Abstractions": "10.0.10",
          "Microsoft.Extensions.Logging": "10.0.10",
          "Microsoft.Extensions.Logging.Abstractions": "10.0.10",
          "Microsoft.Extensions.Options": "10.0.10",
          "Microsoft.Extensions.Primitives": "10.0.10"
        }
      },
      "Microsoft.Extensions.Options": {
        "type": "Transitive",
        "resolved": "10.0.10",
        "contentHash": "srnhnk7nE8krBiIXp71LvBmKBtraBONWSRzdjJgRv1Ko9Mp8IVNqv4vIS9hGeVteBig8aQkva9ZG+sC+o5sVcA==",
        "dependencies": {
          "Microsoft.Extensions.DependencyInjection.Abstractions": "10.0.10",
          "Microsoft.Extensions.Primitives": "10.0.10"
        }
      },
      "Microsoft.Extensions.Options.ConfigurationExtensions": {
        "type": "Transitive",
        "resolved": "10.0.10",
        "contentHash": "tnBmu/LwF25ZQK+HBNCu2xrwnkKoB/XEbJyooGGoYxHrhvxbSKi7eOFiJ4AXBy/QU4vtCvCJfoi8k9Ej72qzOQ==",
        "dependencies": {
          "Microsoft.Extensions.Configuration.Abstractions": "10.0.10",
          "Microsoft.Extensions.Configuration.Binder": "10.0.10",
          "Microsoft.Extensions.DependencyInjection.Abstractions": "10.0.10",
          "Microsoft.Extensions.Options": "10.0.10",
          "Microsoft.Extensions.Primitives": "10.0.10"
        }
      },
      "Microsoft.Extensions.Primitives": {
        "type": "Transitive",
        "resolved": "10.0.10",
        "contentHash": "5wu/GrYVd8mG2DVUw3vFJzF+O336TyTGg/Kmcgw9bfwYhCoFiV5lR5QeEmKecJyrW4W54nMfD3p3589E8a7czQ=="
      },
      "Microsoft.IdentityModel.Abstractions": {
        "type": "Transitive",
        "resolved": "8.14.0",
        "contentHash": "iwbCpSjD3ehfTwBhtSNEtKPK0ICun6ov7Ibx6ISNA9bfwIyzI2Siwyi9eJFCJBwxowK9xcA1mj+jBWiigeqgcQ=="
      },
      "Microsoft.IdentityModel.JsonWebTokens": {
        "type": "Transitive",
        "resolved": "8.14.0",
        "contentHash": "4jOpiA4THdtpLyMdAb24dtj7+6GmvhOhxf5XHLYWmPKF8ApEnApal1UnJsKO4HxUWRXDA6C4WQVfYyqsRhpNpQ==",
        "dependencies": {
          "Microsoft.IdentityModel.Tokens": "8.14.0"
        }
      },
      "Microsoft.IdentityModel.Logging": {
        "type": "Transitive",
        "resolved": "8.14.0",
        "contentHash": "eqqnemdW38CKZEHS6diA50BV94QICozDZEvSrsvN3SJXUFwVB9gy+/oz76gldP7nZliA16IglXjXTCTdmU/Ejg==",
        "dependencies": {
          "Microsoft.IdentityModel.Abstractions": "8.14.0"
        }
      },
      "Microsoft.IdentityModel.Tokens": {
        "type": "Transitive",
        "resolved": "8.14.0",
        "contentHash": "lKIZiBiGd36k02TCdMHp1KlNWisyIvQxcYJvIkz7P4gSQ9zi8dgh6S5Grj8NNG7HWYIPfQymGyoZ6JB5d1Lo1g==",
        "dependencies": {
          "Microsoft.Extensions.Logging.Abstractions": "8.0.0",
          "Microsoft.IdentityModel.Logging": "8.14.0"
        }
      },
      "Microsoft.OpenApi": {
        "type": "Transitive",
        "resolved": "2.7.5",
        "contentHash": "0FA67RSnRM4tcBKqiqVu/HPdZ9+QOKbmeRjxRUGTCjPU4C0bmUhd97Dso7Yild5P7nOV6GxJ2xrK0Kv/O9xp0w=="
      },
      "Microsoft.TestPlatform.ObjectModel": {
        "type": "Transitive",
        "resolved": "18.7.0",
        "contentHash": "6rmgU4q3/WOpOPcncI0YW0Q/QpcQtwR2TTEXDR5+4TfSimPBAk6Z/BgKLeGgp1SOun0ROVUCCafXhRLwsHaPpA=="
      },
      "Microsoft.TestPlatform.TestHost": {
        "type": "Transitive",
        "resolved": "18.7.0",
        "contentHash": "kYwfmebCs8992zaxEDkvG7S+YEouTeKfYVKUFEkwh1W2dIoOaevBt80XSKVXCUFEhusjOIm1sFfHBnoJgygrRA==",
        "dependencies": {
          "Microsoft.TestPlatform.ObjectModel": "18.7.0",
          "Newtonsoft.Json": "13.0.3"
        }
      },
      "Newtonsoft.Json": {
        "type": "Transitive",
        "resolved": "13.0.3",
        "contentHash": "HrC5BXdl00IP9zeV+0Z848QWPAoCr9P3bDEZguI+gkLcBKAOxix/tLEAAHC+UvDNPv4a2d18lOReHMOagPa+zQ=="
      },
      "Npgsql": {
        "type": "Transitive",
        "resolved": "10.0.3",
        "contentHash": "7nb5YzXuvWWJxB0J8DiyL3we+X4FOctZrt0fIBnucOIaIevFEEwGQVZKtiu9olXdlNAK1eNgqSral6r/jlhI4w==",
        "dependencies": {
          "Microsoft.Extensions.Logging.Abstractions": "10.0.0"
        }
      },
      "Npgsql.EntityFrameworkCore.PostgreSQL": {
        "type": "Transitive",
        "resolved": "10.0.3",
        "contentHash": "IPGrrZnRkuW7OlHDhUESZz4G5DLkW7Nej/O3Cx+0iTsgyU5XJxBgpsvTHLloo3WWuAKKbDHXBvWPVkX1deRh1Q==",
        "dependencies": {
          "Microsoft.EntityFrameworkCore": "[10.0.4, 11.0.0)",
          "Microsoft.EntityFrameworkCore.Relational": "[10.0.4, 11.0.0)",
          "Npgsql": "10.0.3"
        }
      },
      "Serilog": {
        "type": "Transitive",
        "resolved": "4.3.0",
        "contentHash": "+cDryFR0GRhsGOnZSKwaDzRRl4MupvJ42FhCE4zhQRVanX0Jpg6WuCBk59OVhVDPmab1bB+nRykAnykYELA9qQ=="
      },
      "Serilog.AspNetCore": {
        "type": "Transitive",
        "resolved": "10.0.0",
        "contentHash": "a/cNa1mY4On1oJlfGG1wAvxjp5g7OEzk/Jf/nm7NF9cWoE7KlZw1GldrifUBWm9oKibHkR7Lg/l5jy3y7ACR8w==",
        "dependencies": {
          "Serilog": "4.3.0",
          "Serilog.Extensions.Hosting": "10.0.0",
          "Serilog.Formatting.Compact": "3.0.0",
          "Serilog.Settings.Configuration": "10.0.0",
          "Serilog.Sinks.Console": "6.1.1",
          "Serilog.Sinks.Debug": "3.0.0",
          "Serilog.Sinks.File": "7.0.0"
        }
      },
      "Serilog.Extensions.Hosting": {
        "type": "Transitive",
        "resolved": "10.0.0",
        "contentHash": "E7juuIc+gzoGxgzFooFgAV8g9BfiSXNKsUok9NmEpyAXg2odkcPsMa/Yo4axkJRlh0se7mkYQ1GXDaBemR+b6w==",
        "dependencies": {
          "Microsoft.Extensions.DependencyInjection.Abstractions": "10.0.0",
          "Microsoft.Extensions.Hosting.Abstractions": "10.0.0",
          "Microsoft.Extensions.Logging.Abstractions": "10.0.0",
          "Serilog": "4.3.0",
          "Serilog.Extensions.Logging": "10.0.0"
        }
      },
      "Serilog.Extensions.Logging": {
        "type": "Transitive",
        "resolved": "10.0.0",
        "contentHash": "vx0kABKl2dWbBhhqAfTOk53/i8aV/5VaT3a6il9gn72Wqs2pM7EK2OB6No6xdqK2IaY6Zf9gdjLuK9BVa2rT+Q==",
        "dependencies": {
          "Microsoft.Extensions.Logging": "10.0.0",
          "Serilog": "4.2.0"
        }
      },
      "Serilog.Formatting.Compact": {
        "type": "Transitive",
        "resolved": "3.0.0",
        "contentHash": "wQsv14w9cqlfB5FX2MZpNsTawckN4a8dryuNGbebB/3Nh1pXnROHZov3swtu3Nj5oNG7Ba+xdu7Et/ulAUPanQ==",
        "dependencies": {
          "Serilog": "4.0.0"
        }
      },
      "Serilog.Settings.Configuration": {
        "type": "Transitive",
        "resolved": "10.0.1",
        "contentHash": "ayFE7h66mqMqzwfPrzDCMbWU27FdNC2bkCG+jnkeHFZTBRh+yWdr4aa/2WuX7c8RmqxGPMW2UqoJ3fw9hK3QhA==",
        "dependencies": {
          "Microsoft.Extensions.Configuration.Binder": "10.0.0",
          "Microsoft.Extensions.DependencyModel": "10.0.0",
          "Serilog": "4.3.0"
        }
      },
      "Serilog.Sinks.Console": {
        "type": "Transitive",
        "resolved": "6.1.1",
        "contentHash": "8jbqgjUyZlfCuSTaJk6lOca465OndqOz3KZP6Cryt/IqZYybyBu7GP0fE/AXBzrrQB3EBmQntBFAvMVz1COvAA==",
        "dependencies": {
          "Serilog": "4.0.0"
        }
      },
      "Serilog.Sinks.Debug": {
        "type": "Transitive",
        "resolved": "3.0.0",
        "contentHash": "4BzXcdrgRX7wde9PmHuYd9U6YqycCC28hhpKonK7hx0wb19eiuRj16fPcPSVp0o/Y1ipJuNLYQ00R3q2Zs8FDA==",
        "dependencies": {
          "Serilog": "4.0.0"
        }
      },
      "Serilog.Sinks.File": {
        "type": "Transitive",
        "resolved": "7.0.0",
        "contentHash": "fKL7mXv7qaiNBUC71ssvn/dU0k9t0o45+qm2XgKAlSt19xF+ijjxyA3R6HmCgfKEKwfcfkwWjayuQtRueZFkYw==",
        "dependencies": {
          "Serilog": "4.2.0"
        }
      },
      "SQLitePCLRaw.bundle_e_sqlite3": {
        "type": "Transitive",
        "resolved": "2.1.11",
        "contentHash": "DC4nA7yWnf4UZdgJDF+9Mus4/cb0Y3Sfgi3gDnAoKNAIBwzkskNAbNbyu+u4atT0ruVlZNJfwZmwiEwE5oz9LQ==",
        "dependencies": {
          "SQLitePCLRaw.lib.e_sqlite3": "2.1.11",
          "SQLitePCLRaw.provider.e_sqlite3": "2.1.11"
        }
      },
      "SQLitePCLRaw.core": {
        "type": "Transitive",
        "resolved": "2.1.11",
        "contentHash": "PK0GLFkfhZzLQeR3PJf71FmhtHox+U3vcY6ZtswoMjrefkB9k6ErNJEnwXqc5KgXDSjige2XXrezqS39gkpQKA=="
      },
      "SQLitePCLRaw.lib.e_sqlite3": {
        "type": "Transitive",
        "resolved": "2.1.11",
        "contentHash": "Ev2ytaXiOlWZ4b3R67GZBsemTINslLD1DCJr2xiacpn4tbapu0Q4dHEzSvZSMnVWeE5nlObU3VZN2p81q3XOYQ=="
      },
      "SQLitePCLRaw.provider.e_sqlite3": {
        "type": "Transitive",
        "resolved": "2.1.11",
        "contentHash": "Y/0ZkR+r0Cg3DQFuCl1RBnv/tmxpIZRU3HUvelPw6MVaKHwYYR8YNvgs0vuNuXCMvlyJ+Fh88U1D4tah1tt6qw==",
        "dependencies": {
          "SQLitePCLRaw.core": "2.1.11"
        }
      },
      "Swashbuckle.AspNetCore": {
        "type": "Transitive",
        "resolved": "10.2.3",
        "contentHash": "8KNh1RWvofdU6DVLyBs4Z/OpUMnmf8oNvJQc0QxpwySRbi42bwLfdVMMrXZWANg5U5KQGQq1xW6r/hlcqw99tQ==",
        "dependencies": {
          "Microsoft.Extensions.ApiDescription.Server": "10.0.0",
          "Swashbuckle.AspNetCore.Swagger": "10.2.3",
          "Swashbuckle.AspNetCore.SwaggerGen": "10.2.3",
          "Swashbuckle.AspNetCore.SwaggerUI": "10.2.3"
        }
      },
      "Swashbuckle.AspNetCore.Swagger": {
        "type": "Transitive",
        "resolved": "10.2.3",
        "contentHash": "1jUUs3WQnrS0FUtaZPLSy1yYMEwS1zlvDmvQ2/eldPHUANX0LJSLVZecCMgSMdeGiRqeaRrIXLtSz++TCiTMww==",
        "dependencies": {
          "Microsoft.OpenApi": "2.7.5"
        }
      },
      "Swashbuckle.AspNetCore.SwaggerGen": {
        "type": "Transitive",
        "resolved": "10.2.3",
        "contentHash": "y7t4coDRAeFYChmvlMRiH2OjbiRrm9AVIDgt17fQfs3x9PVAI5PiwWYOhg+4F13R4Q36WDc9lqfoOnNa3tNbGg==",
        "dependencies": {
          "Swashbuckle.AspNetCore.Swagger": "10.2.3"
        }
      },
      "Swashbuckle.AspNetCore.SwaggerUI": {
        "type": "Transitive",
        "resolved": "10.2.3",
        "contentHash": "nthWONRs/FJ4yyG206g1cC52WEG8EqrjuMWjGdR+5XG7lbjFto6NqcI9EMICgVFom/UivIjUVwI76ZHbHwTPfQ=="
      },
      "System.Diagnostics.EventLog": {
        "type": "Transitive",
        "resolved": "10.0.10",
        "contentHash": "OvGz3PrzuAI/Sj7LTcXcCe3FClRI1IyRMZjNONcZtFh+Ww7nAtSh4kh08r8KVe/xxkXJPjR0Y1jF7H+N42d4xQ=="
      },
      "xunit.abstractions": {
        "type": "Transitive",
        "resolved": "2.0.3",
        "contentHash": "pot1I4YOxlWjIb5jmwvvQNbTrZ3lJQ+jUGkGjWE3hEFM0l5gOnBWS+H3qsex68s5cO52g+44vpGzhAt+42vwKg=="
      },
      "xunit.analyzers": {
        "type": "Transitive",
        "resolved": "1.18.0",
        "contentHash": "OtFMHN8yqIcYP9wcVIgJrq01AfTxijjAqVDy/WeQVSyrDC1RzBWeQPztL49DN2syXRah8TYnfvk035s7L95EZQ=="
      },
      "xunit.assert": {
        "type": "Transitive",
        "resolved": "2.9.3",
        "contentHash": "/Kq28fCE7MjOV42YLVRAJzRF0WmEqsmflm0cfpMjGtzQ2lR5mYVj1/i0Y8uDAOLczkL3/jArrwehfMD0YogMAA=="
      },
      "xunit.core": {
        "type": "Transitive",
        "resolved": "2.9.3",
        "contentHash": "BiAEvqGvyme19wE0wTKdADH+NloYqikiU0mcnmiNyXaF9HyHmE6sr/3DC5vnBkgsWaE6yPyWszKSPSApWdRVeQ==",
        "dependencies": {
          "xunit.extensibility.core": "[2.9.3]",
          "xunit.extensibility.execution": "[2.9.3]"
        }
      },
      "xunit.extensibility.core": {
        "type": "Transitive",
        "resolved": "2.9.3",
        "contentHash": "kf3si0YTn2a8J8eZNb+zFpwfoyvIrQ7ivNk5ZYA5yuYk1bEtMe4DxJ2CF/qsRgmEnDr7MnW1mxylBaHTZ4qErA==",
        "dependencies": {
          "xunit.abstractions": "2.0.3"
        }
      },
      "xunit.extensibility.execution": {
        "type": "Transitive",
        "resolved": "2.9.3",
        "contentHash": "yMb6vMESlSrE3Wfj7V6cjQ3S4TXdXpRqYeNEI3zsX31uTsGMJjEw6oD5F5u1cHnMptjhEECnmZSsPxB6ChZHDQ==",
        "dependencies": {
          "xunit.extensibility.core": "[2.9.3]"
        }
      },
      "dotnet.samples.aspnetcore.webapi": {
        "type": "Project",
        "dependencies": {
          "AutoMapper": "[16.2.0, 17.0.0)",
          "FluentValidation": "[12.1.1, )",
          "FluentValidation.DependencyInjectionExtensions": "[12.1.1, )",
          "Microsoft.AspNetCore.OpenApi": "[10.0.9, )",
          "Microsoft.EntityFrameworkCore.Sqlite": "[10.0.9, )",
          "Npgsql.EntityFrameworkCore.PostgreSQL": "[10.0.3, )",
          "Serilog.AspNetCore": "[10.0.0, )",
          "Serilog.Settings.Configuration": "[10.0.1, )",
          "Serilog.Sinks.Console": "[6.1.1, )",
          "Serilog.Sinks.File": "[7.0.0, )",
          "Swashbuckle.AspNetCore": "[10.2.3, )"
        }
      }
    }
  }
}